// !$*UTF8*$!
{
	archiveVersion = 1;
	classes = {
	};
	objectVersion = 77;
	objects = {

/* Begin PBXBuildFile section */
		7238E5512E93F53300C7D704 /* RiveRuntime in Frameworks */ = {isa = PBXBuildFile; productRef = 7238E5502E93F53300C7D704 /* RiveRuntime */; };
		7281D3462E9D598F003B7437 /* crazy_love Watch App.app in Embed Watch Content */ = {isa = PBXBuildFile; fileRef = 7281D33C2E9D598E003B7437 /* crazy_love Watch App.app */; settings = {ATTRIBUTES = (RemoveHeadersOnCopy, ); }; };
		D10CD88B2E04843900689536 /* FirebaseAnalytics in Frameworks */ = {isa = PBXBuildFile; productRef = D10CD88A2E04843900689536 /* FirebaseAnalytics */; };
		D10CD88D2E04843900689536 /* FirebaseAuth in Frameworks */ = {isa = PBXBuildFile; productRef = D10CD88C2E04843900689536 /* FirebaseAuth */; };
		D10CD88F2E04843900689536 /* FirebaseFirestore in Frameworks */ = {isa = PBXBuildFile; productRef = D10CD88E2E04843900689536 /* FirebaseFirestore */; };
		D10CD8912E0484C800689536 /* FirebaseDatabase in Frameworks */ = {isa = PBXBuildFile; productRef = D10CD8902E0484C800689536 /* FirebaseDatabase */; };
		D10CD8EF2E07363B00689536 /* GoogleSignIn in Frameworks */ = {isa = PBXBuildFile; productRef = D10CD8EE2E07363B00689536 /* GoogleSignIn */; };
		D10CD8F12E07363B00689536 /* GoogleSignInSwift in Frameworks */ = {isa = PBXBuildFile; productRef = D10CD8F02E07363B00689536 /* GoogleSignInSwift */; };
		D13E65FB2EAF4D6200BA2EEE /* YouTubePlayerKit in Frameworks */ = {isa = PBXBuildFile; productRef = D13E65FA2EAF4D6200BA2EEE /* YouTubePlayerKit */; };
		D13E66072EB848F300BA2EEE /* FirebaseRemoteConfig in Frameworks */ = {isa = PBXBuildFile; productRef = D13E66062EB848F300BA2EEE /* FirebaseRemoteConfig */; };
		D1634E1E2E9D689F007D524F /* FirebasePerformance in Frameworks */ = {isa = PBXBuildFile; productRef = D1634E1D2E9D689F007D524F /* FirebasePerformance */; };
		D1B0E9522EA1321D006F3BDC /* FirebaseMessaging in Frameworks */ = {isa = PBXBuildFile; productRef = D1B0E9512EA1321D006F3BDC /* FirebaseMessaging */; };
		D1B0F4CE2EA4BF9F006F3BDC /* MarkdownUI in Frameworks */ = {isa = PBXBuildFile; productRef = D1B0F4CD2EA4BF9F006F3BDC /* MarkdownUI */; };
		D1EE64462E9CDFC20033CF92 /* FirebaseAppCheck in Frameworks */ = {isa = PBXBuildFile; productRef = D1EE64452E9CDFC20033CF92 /* FirebaseAppCheck */; };
		D1EE64482E9CDFC20033CF92 /* FirebaseCrashlytics in Frameworks */ = {isa = PBXBuildFile; productRef = D1EE64472E9CDFC20033CF92 /* FirebaseCrashlytics */; };
/* End PBXBuildFile section */

/* Begin PBXContainerItemProxy section */
		7281D3442E9D598F003B7437 /* PBXContainerItemProxy */ = {
			isa = PBXContainerItemProxy;
			containerPortal = B3D475BE2E0406710045AD7A /* Project object */;
			proxyType = 1;
			remoteGlobalIDString = 7281D33B2E9D598E003B7437;
			remoteInfo = "crazy_love Watch App";
		};
/* End PBXContainerItemProxy section */

/* Begin PBXCopyFilesBuildPhase section */
		7281D3472E9D598F003B7437 /* Embed Watch Content */ = {
			isa = PBXCopyFilesBuildPhase;
			buildActionMask = 2147483647;
			dstPath = "$(CONTENTS_FOLDER_PATH)/Watch";
			dstSubfolderSpec = 16;
			files = (
				7281D3462E9D598F003B7437 /* crazy_love Watch App.app in Embed Watch Content */,
			);
			name = "Embed Watch Content";
			runOnlyForDeploymentPostprocessing = 0;
		};
/* End PBXCopyFilesBuildPhase section */

/* Begin PBXFileReference section */
		7281D33C2E9D598E003B7437 /* crazy_love Watch App.app */ = {isa = PBXFileReference; explicitFileType = wrapper.application; includeInIndex = 0; path = "crazy_love Watch App.app"; sourceTree = BUILT_PRODUCTS_DIR; };
		B3D475C62E0406710045AD7A /* camp_vol5_ios.app */ = {isa = PBXFileReference; explicitFileType = wrapper.application; includeInIndex = 0; path = camp_vol5_ios.app; sourceTree = BUILT_PRODUCTS_DIR; };
/* End PBXFileReference section */

/* Begin PBXFileSystemSynchronizedRootGroup section */
		7281D33D2E9D598E003B7437 /* crazy_love Watch App */ = {
			isa = PBXFileSystemSynchronizedRootGroup;
			path = "crazy_love Watch App";
			sourceTree = "<group>";
		};
		B3D475C82E0406710045AD7A /* camp_vol5_ios */ = {
			isa = PBXFileSystemSynchronizedRootGroup;
			path = camp_vol5_ios;
			sourceTree = "<group>";
		};
/* End PBXFileSystemSynchronizedRootGroup section */

/* Begin PBXFrameworksBuildPhase section */
		7281D3392E9D598E003B7437 /* Frameworks */ = {
			isa = PBXFrameworksBuildPhase;
			buildActionMask = 2147483647;
			files = (
			);
			runOnlyForDeploymentPostprocessing = 0;
		};
		B3D475C32E0406710045AD7A /* Frameworks */ = {
			isa = PBXFrameworksBuildPhase;
			buildActionMask = 2147483647;
			files = (
				D1EE64462E9CDFC20033CF92 /* FirebaseAppCheck in Frameworks */,
				D10CD8EF2E07363B00689536 /* GoogleSignIn in Frameworks */,
				D13E65FB2EAF4D6200BA2EEE /* YouTubePlayerKit in Frameworks */,
				D13E66072EB848F300BA2EEE /* FirebaseRemoteConfig in Frameworks */,
				D1634E1E2E9D689F007D524F /* FirebasePerformance in Frameworks */,
				D1B0F4CE2EA4BF9F006F3BDC /* MarkdownUI in Frameworks */,
				D10CD88B2E04843900689536 /* FirebaseAnalytics in Frameworks */,
				7238E5512E93F53300C7D704 /* RiveRuntime in Frameworks */,
				D10CD88D2E04843900689536 /* FirebaseAuth in Frameworks */,
				D10CD8F12E07363B00689536 /* GoogleSignInSwift in Frameworks */,
				D1EE64482E9CDFC20033CF92 /* FirebaseCrashlytics in Frameworks */,
				D10CD8912E0484C800689536 /* FirebaseDatabase in Frameworks */,
				D1B0E9522EA1321D006F3BDC /* FirebaseMessaging in Frameworks */,
				D10CD88F2E04843900689536 /* FirebaseFirestore in Frameworks */,
			);
			runOnlyForDeploymentPostprocessing = 0;
		};
/* End PBXFrameworksBuildPhase section */

/* Begin PBXGroup section */
		B3D475BD2E0406710045AD7A = {
			isa = PBXGroup;
			children = (
				B3D475C82E0406710045AD7A /* camp_vol5_ios */,
				7281D33D2E9D598E003B7437 /* crazy_love Watch App */,
				B3D475C72E0406710045AD7A /* Products */,
			);
			sourceTree = "<group>";
		};
		B3D475C72E0406710045AD7A /* Products */ = {
			isa = PBXGroup;
			children = (
				B3D475C62E0406710045AD7A /* camp_vol5_ios.app */,
				7281D33C2E9D598E003B7437 /* crazy_love Watch App.app */,
			);
			name = Products;
			sourceTree = "<group>";
		};
/* End PBXGroup section */

/* Begin PBXNativeTarget section */
		7281D33B2E9D598E003B7437 /* crazy_love Watch App */ = {
			isa = PBXNativeTarget;
			buildConfigurationList = 7281D34A2E9D598F003B7437 /* Build configuration list for PBXNativeTarget "crazy_love Watch App" */;
			buildPhases = (
				7281D3382E9D598E003B7437 /* Sources */,
				7281D3392E9D598E003B7437 /* Frameworks */,
				7281D33A2E9D598E003B7437 /* Resources */,
			);
			buildRules = (
			);
			dependencies = (
			);
			fileSystemSynchronizedGroups = (
				7281D33D2E9D598E003B7437 /* crazy_love Watch App */,
			);
			name = "crazy_love Watch App";
			packageProductDependencies = (
			);
			productName = "crazy_love Watch App";
			productReference = 7281D33C2E9D598E003B7437 /* crazy_love Watch App.app */;
			productType = "com.apple.product-type.application";
		};
		B3D475C52E0406710045AD7A /* camp_vol5_ios */ = {
			isa = PBXNativeTarget;
			buildConfigurationList = B3D475D12E0406720045AD7A /* Build configuration list for PBXNativeTarget "camp_vol5_ios" */;
			buildPhases = (
				B3D475C22E0406710045AD7A /* Sources */,
				B3D475C32E0406710045AD7A /* Frameworks */,
				B3D475C42E0406710045AD7A /* Resources */,
				7281D3472E9D598F003B7437 /* Embed Watch Content */,
			);
			buildRules = (
			);
			dependencies = (
				7281D3452E9D598F003B7437 /* PBXTargetDependency */,
			);
			fileSystemSynchronizedGroups = (
				B3D475C82E0406710045AD7A /* camp_vol5_ios */,
			);
			name = camp_vol5_ios;
			packageProductDependencies = (
				D10CD88A2E04843900689536 /* FirebaseAnalytics */,
				D10CD88C2E04843900689536 /* FirebaseAuth */,
				D10CD88E2E04843900689536 /* FirebaseFirestore */,
				D10CD8902E0484C800689536 /* FirebaseDatabase */,
				D10CD8EE2E07363B00689536 /* GoogleSignIn */,
				D10CD8F02E07363B00689536 /* GoogleSignInSwift */,
				7238E5502E93F53300C7D704 /* RiveRuntime */,
				D1EE64452E9CDFC20033CF92 /* FirebaseAppCheck */,
				D1EE64472E9CDFC20033CF92 /* FirebaseCrashlytics */,
				D1634E1D2E9D689F007D524F /* FirebasePerformance */,
				D1B0E9512EA1321D006F3BDC /* FirebaseMessaging */,
				D1B0F4CD2EA4BF9F006F3BDC /* MarkdownUI */,
				D13E65FA2EAF4D6200BA2EEE /* YouTubePlayerKit */,
				D13E66062EB848F300BA2EEE /* FirebaseRemoteConfig */,
			);
			productName = camp_vol5_ios;
			productReference = B3D475C62E0406710045AD7A /* camp_vol5_ios.app */;
			productType = "com.apple.product-type.application";
		};
/* End PBXNativeTarget section */

/* Begin PBXProject section */
		B3D475BE2E0406710045AD7A /* Project object */ = {
			isa = PBXProject;
			attributes = {
				BuildIndependentTargetsInParallel = 1;
				LastSwiftUpdateCheck = 2600;
				LastUpgradeCheck = 1640;
				TargetAttributes = {
					7281D33B2E9D598E003B7437 = {
						CreatedOnToolsVersion = 26.0;
					};
					B3D475C52E0406710045AD7A = {
						CreatedOnToolsVersion = 16.4;
					};
				};
			};
			buildConfigurationList = B3D475C12E0406710045AD7A /* Build configuration list for PBXProject "camp_vol5_ios" */;
			developmentRegion = en;
			hasScannedForEncodings = 0;
			knownRegions = (
				en,
				Base,
			);
			mainGroup = B3D475BD2E0406710045AD7A;
			minimizedProjectReferenceProxies = 1;
			packageReferences = (
				D10CD8892E04843900689536 /* XCRemoteSwiftPackageReference "firebase-ios-sdk" */,
				D10CD8ED2E07363B00689536 /* XCRemoteSwiftPackageReference "GoogleSignIn-iOS" */,
				7238E54F2E93F53300C7D704 /* XCRemoteSwiftPackageReference "rive-ios" */,
				D1B0F4CC2EA4BF9F006F3BDC /* XCRemoteSwiftPackageReference "swift-markdown-ui" */,
				D13E65F92EAF4D6200BA2EEE /* XCRemoteSwiftPackageReference "YouTubePlayerKit" */,
			);
			preferredProjectObjectVersion = 77;
			productRefGroup = B3D475C72E0406710045AD7A /* Products */;
			projectDirPath = "";
			projectRoot = "";
			targets = (
				B3D475C52E0406710045AD7A /* camp_vol5_ios */,
				7281D33B2E9D598E003B7437 /* crazy_love Watch App */,
			);
		};
/* End PBXProject section */

/* Begin PBXResourcesBuildPhase section */
		7281D33A2E9D598E003B7437 /* Resources */ = {
			isa = PBXResourcesBuildPhase;
			buildActionMask = 2147483647;
			files = (
			);
			runOnlyForDeploymentPostprocessing = 0;
		};
		B3D475C42E0406710045AD7A /* Resources */ = {
			isa = PBXResourcesBuildPhase;
			buildActionMask = 2147483647;
			files = (
			);
			runOnlyForDeploymentPostprocessing = 0;
		};
/* End PBXResourcesBuildPhase section */

/* Begin PBXSourcesBuildPhase section */
		7281D3382E9D598E003B7437 /* Sources */ = {
			isa = PBXSourcesBuildPhase;
			buildActionMask = 2147483647;
			files = (
			);
			runOnlyForDeploymentPostprocessing = 0;
		};
		B3D475C22E0406710045AD7A /* Sources */ = {
			isa = PBXSourcesBuildPhase;
			buildActionMask = 2147483647;
			files = (
			);
			runOnlyForDeploymentPostprocessing = 0;
		};
/* End PBXSourcesBuildPhase section */

/* Begin PBXTargetDependency section */
		7281D3452E9D598F003B7437 /* PBXTargetDependency */ = {
			isa = PBXTargetDependency;
			target = 7281D33B2E9D598E003B7437 /* crazy_love Watch App */;
			targetProxy = 7281D3442E9D598F003B7437 /* PBXContainerItemProxy */;
		};
/* End PBXTargetDependency section */

/* Begin XCBuildConfiguration section */
		7281D3482E9D598F003B7437 /* Debug */ = {
			isa = XCBuildConfiguration;
			buildSettings = {
				ASSETCATALOG_COMPILER_APPICON_NAME = AppIcon;
				ASSETCATALOG_COMPILER_GLOBAL_ACCENT_COLOR_NAME = AccentColor;
				CODE_SIGN_ENTITLEMENTS = "crazy_love Watch App/crazy_love Watch App.entitlements";
				CODE_SIGN_IDENTITY = "Apple Development";
				CODE_SIGN_STYLE = Automatic;
				CURRENT_PROJECT_VERSION = 1;
				DEVELOPMENT_TEAM = BQ797J5K2V;
				ENABLE_PREVIEWS = YES;
				GENERATE_INFOPLIST_FILE = YES;
				INFOPLIST_KEY_CFBundleDisplayName = crazy_love;
				INFOPLIST_KEY_NSHealthShareUsageDescription = "心拍数データを取得して配信するために使用します";
				INFOPLIST_KEY_NSHealthUpdateUsageDescription = "ワークアウトデータを記録するために使用します";
				INFOPLIST_KEY_UISupportedInterfaceOrientations = "UIInterfaceOrientationPortrait UIInterfaceOrientationPortraitUpsideDown UIInterfaceOrientationLandscapeLeft UIInterfaceOrientationLandscapeRight";
				INFOPLIST_KEY_WKCompanionAppBundleIdentifier = "com.rui.camp-vol5-ios-1951";
				LD_RUNPATH_SEARCH_PATHS = (
					"$(inherited)",
					"@executable_path/Frameworks",
				);
				MARKETING_VERSION = 1.0;
				PRODUCT_BUNDLE_IDENTIFIER = "com.rui.camp-vol5-ios-1951.watchkitapp2";
				PRODUCT_NAME = "$(TARGET_NAME)";
				PROVISIONING_PROFILE_SPECIFIER = "";
				SDKROOT = watchos;
				SKIP_INSTALL = YES;
				STRING_CATALOG_GENERATE_SYMBOLS = YES;
				SWIFT_APPROACHABLE_CONCURRENCY = YES;
				SWIFT_DEFAULT_ACTOR_ISOLATION = MainActor;
				SWIFT_EMIT_LOC_STRINGS = YES;
				SWIFT_UPCOMING_FEATURE_MEMBER_IMPORT_VISIBILITY = YES;
				SWIFT_VERSION = 5.0;
				TARGETED_DEVICE_FAMILY = 4;
				WATCHOS_DEPLOYMENT_TARGET = 26.0;
			};
			name = Debug;
		};
		7281D3492E9D598F003B7437 /* Release */ = {
			isa = XCBuildConfiguration;
			buildSettings = {
				ASSETCATALOG_COMPILER_APPICON_NAME = AppIcon;
				ASSETCATALOG_COMPILER_GLOBAL_ACCENT_COLOR_NAME = AccentColor;
				CODE_SIGN_ENTITLEMENTS = "crazy_love Watch App/crazy_love Watch App.entitlements";
				CODE_SIGN_IDENTITY = "Apple Development";
				CODE_SIGN_STYLE = Automatic;
				CURRENT_PROJECT_VERSION = 1;
				DEVELOPMENT_TEAM = BQ797J5K2V;
				ENABLE_PREVIEWS = YES;
				GENERATE_INFOPLIST_FILE = YES;
				INFOPLIST_KEY_CFBundleDisplayName = crazy_love;
				INFOPLIST_KEY_NSHealthShareUsageDescription = "心拍数データを取得して配信するために使用します";
				INFOPLIST_KEY_NSHealthUpdateUsageDescription = "ワークアウトデータを記録するために使用します";
				INFOPLIST_KEY_UISupportedInterfaceOrientations = "UIInterfaceOrientationPortrait UIInterfaceOrientationPortraitUpsideDown UIInterfaceOrientationLandscapeLeft UIInterfaceOrientationLandscapeRight";
				INFOPLIST_KEY_WKCompanionAppBundleIdentifier = "com.rui.camp-vol5-ios-1951";
				LD_RUNPATH_SEARCH_PATHS = (
					"$(inherited)",
					"@executable_path/Frameworks",
				);
				MARKETING_VERSION = 1.0;
				PRODUCT_BUNDLE_IDENTIFIER = "com.rui.camp-vol5-ios-1951.watchkitapp2";
				PRODUCT_NAME = "$(TARGET_NAME)";
				PROVISIONING_PROFILE_SPECIFIER = "";
				SDKROOT = watchos;
				SKIP_INSTALL = YES;
				STRING_CATALOG_GENERATE_SYMBOLS = YES;
				SWIFT_APPROACHABLE_CONCURRENCY = YES;
				SWIFT_DEFAULT_ACTOR_ISOLATION = MainActor;
				SWIFT_EMIT_LOC_STRINGS = YES;
				SWIFT_UPCOMING_FEATURE_MEMBER_IMPORT_VISIBILITY = YES;
				SWIFT_VERSION = 5.0;
				TARGETED_DEVICE_FAMILY = 4;
				WATCHOS_DEPLOYMENT_TARGET = 26.0;
			};
			name = Release;
		};
		B3D475CF2E0406720045AD7A /* Debug */ = {
			isa = XCBuildConfiguration;
			buildSettings = {
				ALWAYS_SEARCH_USER_PATHS = NO;
				ASSETCATALOG_COMPILER_GENERATE_SWIFT_ASSET_SYMBOL_EXTENSIONS = YES;
				CLANG_ANALYZER_NONNULL = YES;
				CLANG_ANALYZER_NUMBER_OBJECT_CONVERSION = YES_AGGRESSIVE;
				CLANG_CXX_LANGUAGE_STANDARD = "gnu++20";
				CLANG_ENABLE_MODULES = YES;
				CLANG_ENABLE_OBJC_ARC = YES;
				CLANG_ENABLE_OBJC_WEAK = YES;
				CLANG_WARN_BLOCK_CAPTURE_AUTORELEASING = YES;
				CLANG_WARN_BOOL_CONVERSION = YES;
				CLANG_WARN_COMMA = YES;
				CLANG_WARN_CONSTANT_CONVERSION = YES;
				CLANG_WARN_DEPRECATED_OBJC_IMPLEMENTATIONS = YES;
				CLANG_WARN_DIRECT_OBJC_ISA_USAGE = YES_ERROR;
				CLANG_WARN_DOCUMENTATION_COMMENTS = YES;
				CLANG_WARN_EMPTY_BODY = YES;
				CLANG_WARN_ENUM_CONVERSION = YES;
				CLANG_WARN_INFINITE_RECURSION = YES;
				CLANG_WARN_INT_CONVERSION = YES;
				CLANG_WARN_NON_LITERAL_NULL_CONVERSION = YES;
				CLANG_WARN_OBJC_IMPLICIT_RETAIN_SELF = YES;
				CLANG_WARN_OBJC_LITERAL_CONVERSION = YES;
				CLANG_WARN_OBJC_ROOT_CLASS = YES_ERROR;
				CLANG_WARN_QUOTED_INCLUDE_IN_FRAMEWORK_HEADER = YES;
				CLANG_WARN_RANGE_LOOP_ANALYSIS = YES;
				CLANG_WARN_STRICT_PROTOTYPES = YES;
				CLANG_WARN_SUSPICIOUS_MOVE = YES;
				CLANG_WARN_UNGUARDED_AVAILABILITY = YES_AGGRESSIVE;
				CLANG_WARN_UNREACHABLE_CODE = YES;
				CLANG_WARN__DUPLICATE_METHOD_MATCH = YES;
				COPY_PHASE_STRIP = NO;
				DEBUG_INFORMATION_FORMAT = dwarf;
				ENABLE_STRICT_OBJC_MSGSEND = YES;
				ENABLE_TESTABILITY = YES;
				ENABLE_USER_SCRIPT_SANDBOXING = YES;
				GCC_C_LANGUAGE_STANDARD = gnu17;
				GCC_DYNAMIC_NO_PIC = NO;
				GCC_NO_COMMON_BLOCKS = YES;
				GCC_OPTIMIZATION_LEVEL = 0;
				GCC_PREPROCESSOR_DEFINITIONS = (
					"DEBUG=1",
					"$(inherited)",
				);
				GCC_WARN_64_TO_32_BIT_CONVERSION = YES;
				GCC_WARN_ABOUT_RETURN_TYPE = YES_ERROR;
				GCC_WARN_UNDECLARED_SELECTOR = YES;
				GCC_WARN_UNINITIALIZED_AUTOS = YES_AGGRESSIVE;
				GCC_WARN_UNUSED_FUNCTION = YES;
				GCC_WARN_UNUSED_VARIABLE = YES;
				IPHONEOS_DEPLOYMENT_TARGET = 18.5;
				LOCALIZATION_PREFERS_STRING_CATALOGS = YES;
				MTL_ENABLE_DEBUG_INFO = INCLUDE_SOURCE;
				MTL_FAST_MATH = YES;
				ONLY_ACTIVE_ARCH = YES;
				SDKROOT = iphoneos;
				SWIFT_ACTIVE_COMPILATION_CONDITIONS = "DEBUG $(inherited)";
				SWIFT_OPTIMIZATION_LEVEL = "-Onone";
			};
			name = Debug;
		};
		B3D475D02E0406720045AD7A /* Release */ = {
			isa = XCBuildConfiguration;
			buildSettings = {
				ALWAYS_SEARCH_USER_PATHS = NO;
				ASSETCATALOG_COMPILER_GENERATE_SWIFT_ASSET_SYMBOL_EXTENSIONS = YES;
				CLANG_ANALYZER_NONNULL = YES;
				CLANG_ANALYZER_NUMBER_OBJECT_CONVERSION = YES_AGGRESSIVE;
				CLANG_CXX_LANGUAGE_STANDARD = "gnu++20";
				CLANG_ENABLE_MODULES = YES;
				CLANG_ENABLE_OBJC_ARC = YES;
				CLANG_ENABLE_OBJC_WEAK = YES;
				CLANG_WARN_BLOCK_CAPTURE_AUTORELEASING = YES;
				CLANG_WARN_BOOL_CONVERSION = YES;
				CLANG_WARN_COMMA = YES;
				CLANG_WARN_CONSTANT_CONVERSION = YES;
				CLANG_WARN_DEPRECATED_OBJC_IMPLEMENTATIONS = YES;
				CLANG_WARN_DIRECT_OBJC_ISA_USAGE = YES_ERROR;
				CLANG_WARN_DOCUMENTATION_COMMENTS = YES;
				CLANG_WARN_EMPTY_BODY = YES;
				CLANG_WARN_ENUM_CONVERSION = YES;
				CLANG_WARN_INFINITE_RECURSION = YES;
				CLANG_WARN_INT_CONVERSION = YES;
				CLANG_WARN_NON_LITERAL_NULL_CONVERSION = YES;
				CLANG_WARN_OBJC_IMPLICIT_RETAIN_SELF = YES;
				CLANG_WARN_OBJC_LITERAL_CONVERSION = YES;
				CLANG_WARN_OBJC_ROOT_CLASS = YES_ERROR;
				CLANG_WARN_QUOTED_INCLUDE_IN_FRAMEWORK_HEADER = YES;
				CLANG_WARN_RANGE_LOOP_ANALYSIS = YES;
				CLANG_WARN_STRICT_PROTOTYPES = YES;
				CLANG_WARN_SUSPICIOUS_MOVE = YES;
				CLANG_WARN_UNGUARDED_AVAILABILITY = YES_AGGRESSIVE;
				CLANG_WARN_UNREACHABLE_CODE = YES;
				CLANG_WARN__DUPLICATE_METHOD_MATCH = YES;
				COPY_PHASE_STRIP = NO;
				DEBUG_INFORMATION_FORMAT = "dwarf-with-dsym";
				ENABLE_NS_ASSERTIONS = NO;
				ENABLE_STRICT_OBJC_MSGSEND = YES;
				ENABLE_USER_SCRIPT_SANDBOXING = YES;
				GCC_C_LANGUAGE_STANDARD = gnu17;
				GCC_NO_COMMON_BLOCKS = YES;
				GCC_WARN_64_TO_32_BIT_CONVERSION = YES;
				GCC_WARN_ABOUT_RETURN_TYPE = YES_ERROR;
				GCC_WARN_UNDECLARED_SELECTOR = YES;
				GCC_WARN_UNINITIALIZED_AUTOS = YES_AGGRESSIVE;
				GCC_WARN_UNUSED_FUNCTION = YES;
				GCC_WARN_UNUSED_VARIABLE = YES;
				IPHONEOS_DEPLOYMENT_TARGET = 18.5;
				LOCALIZATION_PREFERS_STRING_CATALOGS = YES;
				MTL_ENABLE_DEBUG_INFO = NO;
				MTL_FAST_MATH = YES;
				SDKROOT = iphoneos;
				SWIFT_COMPILATION_MODE = wholemodule;
				VALIDATE_PRODUCT = YES;
			};
			name = Release;
		};
		B3D475D22E0406720045AD7A /* Debug */ = {
			isa = XCBuildConfiguration;
			buildSettings = {
				ASSETCATALOG_COMPILER_APPICON_NAME = AppIcon;
				ASSETCATALOG_COMPILER_GLOBAL_ACCENT_COLOR_NAME = AccentColor;
				CODE_SIGN_ENTITLEMENTS = camp_vol5_ios/camp_vol5_ios.entitlements;
				CODE_SIGN_STYLE = Automatic;
				CURRENT_PROJECT_VERSION = 1;
				DEVELOPMENT_TEAM = BQ797J5K2V;
				ENABLE_PREVIEWS = YES;
				GENERATE_INFOPLIST_FILE = YES;
				INFOPLIST_FILE = "camp-vol5-ios-Info.plist";
				INFOPLIST_KEY_CFBundleDisplayName = "狂愛";
				INFOPLIST_KEY_NSCameraUsageDescription = "カメラを使います";
				INFOPLIST_KEY_NSPhotoLibraryAddUsageDescription = "QRコードを写真に保存するために使用します";
				INFOPLIST_KEY_NSPhotoLibraryUsageDescription = "背景画像を設定するために写真ライブラリへのアクセスが必要です";
				INFOPLIST_KEY_UIApplicationSceneManifest_Generation = YES;
				INFOPLIST_KEY_UIApplicationSupportsIndirectInputEvents = YES;
				INFOPLIST_KEY_UISupportedInterfaceOrientations_iPad = "UIInterfaceOrientationPortrait UIInterfaceOrientationLandscapeLeft UIInterfaceOrientationLandscapeRight";
				INFOPLIST_KEY_UISupportedInterfaceOrientations_iPhone = "UIInterfaceOrientationPortrait UIInterfaceOrientationLandscapeLeft UIInterfaceOrientationLandscapeRight";
				IPHONEOS_DEPLOYMENT_TARGET = 18.0;
				LD_RUNPATH_SEARCH_PATHS = (
					"$(inherited)",
					"@executable_path/Frameworks",
				);
				MARKETING_VERSION = 1.0;
				PRODUCT_BUNDLE_IDENTIFIER = "com.rui.camp-vol5-ios2";
				PRODUCT_NAME = "$(TARGET_NAME)";
				SWIFT_EMIT_LOC_STRINGS = YES;
				SWIFT_VERSION = 5.0;
				TARGETED_DEVICE_FAMILY = "1,2";
			};
			name = Debug;
		};
		B3D475D32E0406720045AD7A /* Release */ = {
			isa = XCBuildConfiguration;
			buildSettings = {
				ASSETCATALOG_COMPILER_APPICON_NAME = AppIcon;
				ASSETCATALOG_COMPILER_GLOBAL_ACCENT_COLOR_NAME = AccentColor;
				CODE_SIGN_ENTITLEMENTS = camp_vol5_ios/camp_vol5_ios.entitlements;
				CODE_SIGN_STYLE = Automatic;
				CURRENT_PROJECT_VERSION = 1;
				DEVELOPMENT_TEAM = BQ797J5K2V;
				ENABLE_PREVIEWS = YES;
				GENERATE_INFOPLIST_FILE = YES;
				INFOPLIST_FILE = "camp-vol5-ios-Info.plist";
				INFOPLIST_KEY_CFBundleDisplayName = "狂愛";
				INFOPLIST_KEY_NSCameraUsageDescription = "カメラを使います";
				INFOPLIST_KEY_NSPhotoLibraryAddUsageDescription = "QRコードを写真に保存するために使用します";
				INFOPLIST_KEY_NSPhotoLibraryUsageDescription = "背景画像を設定するために写真ライブラリへのアクセスが必要です";
				INFOPLIST_KEY_UIApplicationSceneManifest_Generation = YES;
				INFOPLIST_KEY_UIApplicationSupportsIndirectInputEvents = YES;
				INFOPLIST_KEY_UISupportedInterfaceOrientations_iPad = "UIInterfaceOrientationPortrait UIInterfaceOrientationLandscapeLeft UIInterfaceOrientationLandscapeRight";
				INFOPLIST_KEY_UISupportedInterfaceOrientations_iPhone = "UIInterfaceOrientationPortrait UIInterfaceOrientationLandscapeLeft UIInterfaceOrientationLandscapeRight";
				IPHONEOS_DEPLOYMENT_TARGET = 18.0;
				LD_RUNPATH_SEARCH_PATHS = (
					"$(inherited)",
					"@executable_path/Frameworks",
				);
				MARKETING_VERSION = 1.0;
				PRODUCT_BUNDLE_IDENTIFIER = "com.rui.camp-vol5-ios2";
				PRODUCT_NAME = "$(TARGET_NAME)";
				SWIFT_EMIT_LOC_STRINGS = YES;
				SWIFT_VERSION = 5.0;
				TARGETED_DEVICE_FAMILY = "1,2";
			};
			name = Release;
		};
/* End XCBuildConfiguration section */

/* Begin XCConfigurationList section */
		7281D34A2E9D598F003B7437 /* Build configuration list for PBXNativeTarget "crazy_love Watch App" */ = {
			isa = XCConfigurationList;
			buildConfigurations = (
				7281D3482E9D598F003B7437 /* Debug */,
				7281D3492E9D598F003B7437 /* Release */,
			);
			defaultConfigurationIsVisible = 0;
			defaultConfigurationName = Release;
		};
		B3D475C12E0406710045AD7A /* Build configuration list for PBXProject "camp_vol5_ios" */ = {
			isa = XCConfigurationList;
			buildConfigurations = (
				B3D475CF2E0406720045AD7A /* Debug */,
				B3D475D02E0406720045AD7A /* Release */,
			);
			defaultConfigurationIsVisible = 0;
			defaultConfigurationName = Release;
		};
		B3D475D12E0406720045AD7A /* Build configuration list for PBXNativeTarget "camp_vol5_ios" */ = {
			isa = XCConfigurationList;
			buildConfigurations = (
				B3D475D22E0406720045AD7A /* Debug */,
				B3D475D32E0406720045AD7A /* Release */,
			);
			defaultConfigurationIsVisible = 0;
			defaultConfigurationName = Release;
		};
/* End XCConfigurationList section */

/* Begin XCRemoteSwiftPackageReference section */
		7238E54F2E93F53300C7D704 /* XCRemoteSwiftPackageReference "rive-ios" */ = {
			isa = XCRemoteSwiftPackageReference;
			repositoryURL = "https://github.com/rive-app/rive-ios";
			requirement = {
				kind = upToNextMajorVersion;
				minimumVersion = 6.11.4;
			};
		};
		D10CD8892E04843900689536 /* XCRemoteSwiftPackageReference "firebase-ios-sdk" */ = {
			isa = XCRemoteSwiftPackageReference;
			repositoryURL = "https://github.com/firebase/firebase-ios-sdk";
			requirement = {
				kind = upToNextMajorVersion;
				minimumVersion = 11.14.0;
			};
		};
		D10CD8ED2E07363B00689536 /* XCRemoteSwiftPackageReference "GoogleSignIn-iOS" */ = {
			isa = XCRemoteSwiftPackageReference;
			repositoryURL = "https://github.com/google/GoogleSignIn-iOS";
			requirement = {
				kind = upToNextMajorVersion;
				minimumVersion = 8.0.0;
			};
		};
		D13E65F92EAF4D6200BA2EEE /* XCRemoteSwiftPackageReference "YouTubePlayerKit" */ = {
			isa = XCRemoteSwiftPackageReference;
			repositoryURL = "https://github.com/SvenTiigi/YouTubePlayerKit.git";
			requirement = {
				kind = upToNextMajorVersion;
				minimumVersion = 2.0.4;
			};
		};
		D1B0F4CC2EA4BF9F006F3BDC /* XCRemoteSwiftPackageReference "swift-markdown-ui" */ = {
			isa = XCRemoteSwiftPackageReference;
			repositoryURL = "https://github.com/gonzalezreal/swift-markdown-ui";
			requirement = {
				kind = upToNextMajorVersion;
				minimumVersion = 2.4.1;
			};
		};
/* End XCRemoteSwiftPackageReference section */

/* Begin XCSwiftPackageProductDependency section */
		7238E5502E93F53300C7D704 /* RiveRuntime */ = {
			isa = XCSwiftPackageProductDependency;
			package = 7238E54F2E93F53300C7D704 /* XCRemoteSwiftPackageReference "rive-ios" */;
			productName = RiveRuntime;
		};
		D10CD88A2E04843900689536 /* FirebaseAnalytics */ = {
			isa = XCSwiftPackageProductDependency;
			package = D10CD8892E04843900689536 /* XCRemoteSwiftPackageReference "firebase-ios-sdk" */;
			productName = FirebaseAnalytics;
		};
		D10CD88C2E04843900689536 /* FirebaseAuth */ = {
			isa = XCSwiftPackageProductDependency;
			package = D10CD8892E04843900689536 /* XCRemoteSwiftPackageReference "firebase-ios-sdk" */;
			productName = FirebaseAuth;
		};
		D10CD88E2E04843900689536 /* FirebaseFirestore */ = {
			isa = XCSwiftPackageProductDependency;
			package = D10CD8892E04843900689536 /* XCRemoteSwiftPackageReference "firebase-ios-sdk" */;
			productName = FirebaseFirestore;
		};
		D10CD8902E0484C800689536 /* FirebaseDatabase */ = {
			isa = XCSwiftPackageProductDependency;
			package = D10CD8892E04843900689536 /* XCRemoteSwiftPackageReference "firebase-ios-sdk" */;
			productName = FirebaseDatabase;
		};
		D10CD8EE2E07363B00689536 /* GoogleSignIn */ = {
			isa = XCSwiftPackageProductDependency;
			package = D10CD8ED2E07363B00689536 /* XCRemoteSwiftPackageReference "GoogleSignIn-iOS" */;
			productName = GoogleSignIn;
		};
		D10CD8F02E07363B00689536 /* GoogleSignInSwift */ = {
			isa = XCSwiftPackageProductDependency;
			package = D10CD8ED2E07363B00689536 /* XCRemoteSwiftPackageReference "GoogleSignIn-iOS" */;
			productName = GoogleSignInSwift;
		};
		D13E65FA2EAF4D6200BA2EEE /* YouTubePlayerKit */ = {
			isa = XCSwiftPackageProductDependency;
			package = D13E65F92EAF4D6200BA2EEE /* XCRemoteSwiftPackageReference "YouTubePlayerKit" */;
			productName = YouTubePlayerKit;
		};
		D13E66062EB848F300BA2EEE /* FirebaseRemoteConfig */ = {
			isa = XCSwiftPackageProductDependency;
			package = D10CD8892E04843900689536 /* XCRemoteSwiftPackageReference "firebase-ios-sdk" */;
			productName = FirebaseRemoteConfig;
		};
		D1634E1D2E9D689F007D524F /* FirebasePerformance */ = {
			isa = XCSwiftPackageProductDependency;
			package = D10CD8892E04843900689536 /* XCRemoteSwiftPackageReference "firebase-ios-sdk" */;
			productName = FirebasePerformance;
		};
		D1B0E9512EA1321D006F3BDC /* FirebaseMessaging */ = {
			isa = XCSwiftPackageProductDependency;
			package = D10CD8892E04843900689536 /* XCRemoteSwiftPackageReference "firebase-ios-sdk" */;
			productName = FirebaseMessaging;
		};
		D1B0F4CD2EA4BF9F006F3BDC /* MarkdownUI */ = {
			isa = XCSwiftPackageProductDependency;
			package = D1B0F4CC2EA4BF9F006F3BDC /* XCRemoteSwiftPackageReference "swift-markdown-ui" */;
			productName = MarkdownUI;
		};
		D1EE64452E9CDFC20033CF92 /* FirebaseAppCheck */ = {
			isa = XCSwiftPackageProductDependency;
			package = D10CD8892E04843900689536 /* XCRemoteSwiftPackageReference "firebase-ios-sdk" */;
			productName = FirebaseAppCheck;
		};
		D1EE64472E9CDFC20033CF92 /* FirebaseCrashlytics */ = {
			isa = XCSwiftPackageProductDependency;
			package = D10CD8892E04843900689536 /* XCRemoteSwiftPackageReference "firebase-ios-sdk" */;
			productName = FirebaseCrashlytics;
		};
/* End XCSwiftPackageProductDependency section */
	};
	rootObject = B3D475BE2E0406710045AD7A /* Project object */;
}
